
Microsoft Visual Studio Solution File, Format Version 12.00
# Visual Studio 15
VisualStudioVersion = 15.0.26730.16
MinimumVisualStudioVersion = 10.0.40219.1
Project("{FAE04EC0-301F-11D3-BF4B-00C04F79EFBC}") = "Datos", "Datos\Datos.csproj", "{0260FA63-05DA-4C19-BA31-1E1B5592DA0B}"
EndProject
Project("{FAE04EC0-301F-11D3-BF4B-00C04F79EFBC}") = "Negocio", "Negocio\Negocio.csproj", "{E5F1C9C8-553C-4A37-9375-581F2EDA8300}"
EndProject
Global
	GlobalSection(SolutionConfigurationPlatforms) = preSolution
		Debug|Any CPU = Debug|Any CPU
		Release|Any CPU = Release|Any CPU
	EndGlobalSection
	GlobalSection(ProjectConfigurationPlatforms) = postSolution
		{0260FA63-05DA-4C19-BA31-1E1B5592DA0B}.Debug|Any CPU.ActiveCfg = Debug|Any CPU
		{0260FA63-05DA-4C19-BA31-1E1B5592DA0B}.Debug|Any CPU.Build.0 = Debug|Any CPU
		{0260FA63-05DA-4C19-BA31-1E1B5592DA0B}.Release|Any CPU.ActiveCfg = Release|Any CPU
		{0260FA63-05DA-4C19-BA31-1E1B5592DA0B}.Release|Any CPU.Build.0 = Release|Any CPU
		{E5F1C9C8-553C-4A37-9375-581F2EDA8300}.Debug|Any CPU.ActiveCfg = Debug|Any CPU
		{E5F1C9C8-553C-4A37-9375-581F2EDA8300}.Debug|Any CPU.Build.0 = Debug|Any CPU
		{E5F1C9C8-553C-4A37-9375-581F2EDA8300}.Release|Any CPU.ActiveCfg = Release|Any CPU
		{E5F1C9C8-553C-4A37-9375-581F2EDA8300}.Release|Any CPU.Build.0 = Release|Any CPU
	EndGlobalSection
	GlobalSection(SolutionProperties) = preSolution
		HideSolutionNode = FALSE
	EndGlobalSection
	GlobalSection(ExtensibilityGlobals) = postSolution
		SolutionGuid = {80F74A8D-1B1B-42D5-B3A9-5EDDE98F2FF0}
	EndGlobalSection
EndGlobal
